
Microsoft Visual Studio Solution File, Format Version 12.00
# Visual Studio Version 17
VisualStudioVersion = 17.3.32929.385
MinimumVisualStudioVersion = 10.0.40219.1
Project("{FAE04EC0-301F-11D3-BF4B-00C04F79EFBC}") = "Library", "Library.csproj", "{3C448AB9-8C3B-456E-A90E-0097526880E7}"
EndProject
Project("{2150E333-8FDC-42A3-9474-1A3956D46DE8}") = "Элементы решения", "Элементы решения", "{23A481AF-081A-481A-BA40-E5A569FE1665}"
	ProjectSection(SolutionItems) = preProject
		Question3.txt = Question3.txt
	EndProjectSection
EndProject
Global
	GlobalSection(SolutionConfigurationPlatforms) = preSolution
		Debug|Any CPU = Debug|Any CPU
		Release|Any CPU = Release|Any CPU
	EndGlobalSection
	GlobalSection(ProjectConfigurationPlatforms) = postSolution
		{3C448AB9-8C3B-456E-A90E-0097526880E7}.Debug|Any CPU.ActiveCfg = Debug|Any CPU
		{3C448AB9-8C3B-456E-A90E-0097526880E7}.Debug|Any CPU.Build.0 = Debug|Any CPU
		{3C448AB9-8C3B-456E-A90E-0097526880E7}.Release|Any CPU.ActiveCfg = Release|Any CPU
		{3C448AB9-8C3B-456E-A90E-0097526880E7}.Release|Any CPU.Build.0 = Release|Any CPU
	EndGlobalSection
	GlobalSection(SolutionProperties) = preSolution
		HideSolutionNode = FALSE
	EndGlobalSection
	GlobalSection(ExtensibilityGlobals) = postSolution
		SolutionGuid = {6BB108FB-86D5-41D5-B611-D08651AEB668}
	EndGlobalSection
EndGlobal
